
Microsoft Visual Studio Solution File, Format Version 12.00
# Visual Studio Version 16
VisualStudioVersion = 16.0.31624.102
MinimumVisualStudioVersion = 10.0.40219.1
Project("{9A19103F-16F7-4668-BE54-9A1E7A4F7556}") = "QandA", "QandA.csproj", "{169BD977-928A-42A7-8CDA-9BD17947A4AD}"
EndProject
Project("{2150E333-8FDC-42A3-9474-1A3956D46DE8}") = "Solution Items", "Solution Items", "{E9398A26-1007-4DAF-8639-E673E7DA398D}"
EndProject
Project("{FAE04EC0-301F-11D3-BF4B-00C04F79EFBC}") = "BackendTests", "..\BackendTests\BackendTests.csproj", "{E460811F-B277-40FC-9FFB-456480DB1F03}"
EndProject
Global
	GlobalSection(SolutionConfigurationPlatforms) = preSolution
		Debug|Any CPU = Debug|Any CPU
		Release|Any CPU = Release|Any CPU
	EndGlobalSection
	GlobalSection(ProjectConfigurationPlatforms) = postSolution
		{169BD977-928A-42A7-8CDA-9BD17947A4AD}.Debug|Any CPU.ActiveCfg = Debug|Any CPU
		{169BD977-928A-42A7-8CDA-9BD17947A4AD}.Debug|Any CPU.Build.0 = Debug|Any CPU
		{169BD977-928A-42A7-8CDA-9BD17947A4AD}.Release|Any CPU.ActiveCfg = Release|Any CPU
		{169BD977-928A-42A7-8CDA-9BD17947A4AD}.Release|Any CPU.Build.0 = Release|Any CPU
		{E460811F-B277-40FC-9FFB-456480DB1F03}.Debug|Any CPU.ActiveCfg = Debug|Any CPU
		{E460811F-B277-40FC-9FFB-456480DB1F03}.Debug|Any CPU.Build.0 = Debug|Any CPU
		{E460811F-B277-40FC-9FFB-456480DB1F03}.Release|Any CPU.ActiveCfg = Release|Any CPU
		{E460811F-B277-40FC-9FFB-456480DB1F03}.Release|Any CPU.Build.0 = Release|Any CPU
	EndGlobalSection
	GlobalSection(SolutionProperties) = preSolution
		HideSolutionNode = FALSE
	EndGlobalSection
	GlobalSection(ExtensibilityGlobals) = postSolution
		SolutionGuid = {EE3F9455-E419-4476-8F3A-11B89095395C}
	EndGlobalSection
EndGlobal
